<?xml version="1.0" encoding="utf-8"?>
<Project ToolsVersion="4.0" xmlns="http://schemas.microsoft.com/developer/msbuild/2003">
  <ItemGroup>
    <CustomBuild Include="..\sauraus\sauraus\CMakeLists.txt" />
    <CustomBuild Include="CMakeFiles\0570ea4a2646b6a6d2afe45acf9c5b11\ALL_BUILD.rule">
      <Filter>CMake Rules</Filter>
    </CustomBuild>
  </ItemGroup>
  <ItemGroup>
    <None Include="CMakeFiles\ALL_BUILD" />
  </ItemGroup>
  <ItemGroup>
    <Filter Include="CMake Rules">
      <UniqueIdentifier>{A018023C-E229-4AA4-BAFC-C01DB0EFD741}</UniqueIdentifier>
    </Filter>
  </ItemGroup>
</Project>
