Microsoft Visual Studio Solution File, Format Version 11.00
# Visual Studio 2010
Project("{8BC9CEB8-8B4A-11D0-8D11-00A0C91BC942}") = "ALL_BUILD", "ALL_BUILD.vcxproj", "{72610CC9-7805-4DD7-9CD6-5A5BB330D321}"
	ProjectSection(ProjectDependencies) = postProject
		{A9A4A4E2-0178-4953-8E8D-D27694E0A15C} = {A9A4A4E2-0178-4953-8E8D-D27694E0A15C}
		{29FA27B2-93D2-4C3C-B413-EC5BE33A3A6C} = {29FA27B2-93D2-4C3C-B413-EC5BE33A3A6C}
	EndProjectSection
EndProject
Project("{8BC9CEB8-8B4A-11D0-8D11-00A0C91BC942}") = "ZERO_CHECK", "ZERO_CHECK.vcxproj", "{A9A4A4E2-0178-4953-8E8D-D27694E0A15C}"
	ProjectSection(ProjectDependencies) = postProject
	EndProjectSection
EndProject
Project("{8BC9CEB8-8B4A-11D0-8D11-00A0C91BC942}") = "sauraus", "sauraus.vcxproj", "{29FA27B2-93D2-4C3C-B413-EC5BE33A3A6C}"
	ProjectSection(ProjectDependencies) = postProject
		{A9A4A4E2-0178-4953-8E8D-D27694E0A15C} = {A9A4A4E2-0178-4953-8E8D-D27694E0A15C}
	EndProjectSection
EndProject
Global
	GlobalSection(SolutionConfigurationPlatforms) = preSolution
		Debug|Win32 = Debug|Win32
		Release|Win32 = Release|Win32
		MinSizeRel|Win32 = MinSizeRel|Win32
		RelWithDebInfo|Win32 = RelWithDebInfo|Win32
	EndGlobalSection
	GlobalSection(ProjectConfigurationPlatforms) = postSolution
		{72610CC9-7805-4DD7-9CD6-5A5BB330D321}.Debug|Win32.ActiveCfg = Debug|Win32
		{72610CC9-7805-4DD7-9CD6-5A5BB330D321}.Release|Win32.ActiveCfg = Release|Win32
		{72610CC9-7805-4DD7-9CD6-5A5BB330D321}.MinSizeRel|Win32.ActiveCfg = MinSizeRel|Win32
		{72610CC9-7805-4DD7-9CD6-5A5BB330D321}.RelWithDebInfo|Win32.ActiveCfg = RelWithDebInfo|Win32
		{A9A4A4E2-0178-4953-8E8D-D27694E0A15C}.Debug|Win32.ActiveCfg = Debug|Win32
		{A9A4A4E2-0178-4953-8E8D-D27694E0A15C}.Debug|Win32.Build.0 = Debug|Win32
		{A9A4A4E2-0178-4953-8E8D-D27694E0A15C}.Release|Win32.ActiveCfg = Release|Win32
		{A9A4A4E2-0178-4953-8E8D-D27694E0A15C}.Release|Win32.Build.0 = Release|Win32
		{A9A4A4E2-0178-4953-8E8D-D27694E0A15C}.MinSizeRel|Win32.ActiveCfg = MinSizeRel|Win32
		{A9A4A4E2-0178-4953-8E8D-D27694E0A15C}.MinSizeRel|Win32.Build.0 = MinSizeRel|Win32
		{A9A4A4E2-0178-4953-8E8D-D27694E0A15C}.RelWithDebInfo|Win32.ActiveCfg = RelWithDebInfo|Win32
		{A9A4A4E2-0178-4953-8E8D-D27694E0A15C}.RelWithDebInfo|Win32.Build.0 = RelWithDebInfo|Win32
		{29FA27B2-93D2-4C3C-B413-EC5BE33A3A6C}.Debug|Win32.ActiveCfg = Debug|Win32
		{29FA27B2-93D2-4C3C-B413-EC5BE33A3A6C}.Debug|Win32.Build.0 = Debug|Win32
		{29FA27B2-93D2-4C3C-B413-EC5BE33A3A6C}.Release|Win32.ActiveCfg = Release|Win32
		{29FA27B2-93D2-4C3C-B413-EC5BE33A3A6C}.Release|Win32.Build.0 = Release|Win32
		{29FA27B2-93D2-4C3C-B413-EC5BE33A3A6C}.MinSizeRel|Win32.ActiveCfg = MinSizeRel|Win32
		{29FA27B2-93D2-4C3C-B413-EC5BE33A3A6C}.MinSizeRel|Win32.Build.0 = MinSizeRel|Win32
		{29FA27B2-93D2-4C3C-B413-EC5BE33A3A6C}.RelWithDebInfo|Win32.ActiveCfg = RelWithDebInfo|Win32
		{29FA27B2-93D2-4C3C-B413-EC5BE33A3A6C}.RelWithDebInfo|Win32.Build.0 = RelWithDebInfo|Win32
	EndGlobalSection
	GlobalSection(ExtensibilityGlobals) = postSolution
	EndGlobalSection
	GlobalSection(ExtensibilityAddIns) = postSolution
	EndGlobalSection
EndGlobal
